
Microsoft Visual Studio Solution File, Format Version 12.00
# Visual Studio Version 17
VisualStudioVersion = 17.0.32014.148
MinimumVisualStudioVersion = 10.0.40219.1
Project("{9A19103F-16F7-4668-BE54-9A1E7A4F7556}") = "BusinessLayer", "BusinessLayer\BusinessLayer.csproj", "{B053F5C6-34B1-476F-8FA5-01BA86D15E91}"
EndProject
Project("{FAE04EC0-301F-11D3-BF4B-00C04F79EFBC}") = "BlazorApp1", "BlazorApp1\BlazorApp1.csproj", "{275B3738-4A85-4F39-826E-B108FDE6C0C5}"
EndProject
Project("{2150E333-8FDC-42A3-9474-1A3956D46DE8}") = "Solution Items", "Solution Items", "{06FB9660-8DA5-4D7A-8A3D-FD81A3188306}"
	ProjectSection(SolutionItems) = preProject
		README.md = README.md
	EndProjectSection
EndProject
Global
	GlobalSection(SolutionConfigurationPlatforms) = preSolution
		Debug|Any CPU = Debug|Any CPU
		Release|Any CPU = Release|Any CPU
	EndGlobalSection
	GlobalSection(ProjectConfigurationPlatforms) = postSolution
		{B053F5C6-34B1-476F-8FA5-01BA86D15E91}.Debug|Any CPU.ActiveCfg = Debug|Any CPU
		{B053F5C6-34B1-476F-8FA5-01BA86D15E91}.Debug|Any CPU.Build.0 = Debug|Any CPU
		{B053F5C6-34B1-476F-8FA5-01BA86D15E91}.Release|Any CPU.ActiveCfg = Release|Any CPU
		{B053F5C6-34B1-476F-8FA5-01BA86D15E91}.Release|Any CPU.Build.0 = Release|Any CPU
		{275B3738-4A85-4F39-826E-B108FDE6C0C5}.Debug|Any CPU.ActiveCfg = Debug|Any CPU
		{275B3738-4A85-4F39-826E-B108FDE6C0C5}.Debug|Any CPU.Build.0 = Debug|Any CPU
		{275B3738-4A85-4F39-826E-B108FDE6C0C5}.Release|Any CPU.ActiveCfg = Release|Any CPU
		{275B3738-4A85-4F39-826E-B108FDE6C0C5}.Release|Any CPU.Build.0 = Release|Any CPU
	EndGlobalSection
	GlobalSection(SolutionProperties) = preSolution
		HideSolutionNode = FALSE
	EndGlobalSection
	GlobalSection(ExtensibilityGlobals) = postSolution
		SolutionGuid = {6C1632FC-3B21-4CB5-9D0C-1EDD722B3DD1}
	EndGlobalSection
EndGlobal
